
Microsoft Visual Studio Solution File, Format Version 12.00
# Visual Studio Version 17
VisualStudioVersion = 17.0.32112.339
MinimumVisualStudioVersion = 10.0.40219.1
Project("{FAE04EC0-301F-11D3-BF4B-00C04F79EFBC}") = "Hackathon.Azure.Api", "Hackathon.Azure.Api\Hackathon.Azure.Api.csproj", "{B6239B98-C8E1-4312-AF5C-F24771F60C43}"
EndProject
Project("{FAE04EC0-301F-11D3-BF4B-00C04F79EFBC}") = "Hackathon.Azure.Business", "..\Hackathon.Azure.Business\Hackathon.Azure.Business.csproj", "{6767C0E4-A5B7-4559-876A-E17895B419CA}"
EndProject
Global
	GlobalSection(SolutionConfigurationPlatforms) = preSolution
		Debug|Any CPU = Debug|Any CPU
		Release|Any CPU = Release|Any CPU
	EndGlobalSection
	GlobalSection(ProjectConfigurationPlatforms) = postSolution
		{B6239B98-C8E1-4312-AF5C-F24771F60C43}.Debug|Any CPU.ActiveCfg = Debug|Any CPU
		{B6239B98-C8E1-4312-AF5C-F24771F60C43}.Debug|Any CPU.Build.0 = Debug|Any CPU
		{B6239B98-C8E1-4312-AF5C-F24771F60C43}.Release|Any CPU.ActiveCfg = Release|Any CPU
		{B6239B98-C8E1-4312-AF5C-F24771F60C43}.Release|Any CPU.Build.0 = Release|Any CPU
		{6767C0E4-A5B7-4559-876A-E17895B419CA}.Debug|Any CPU.ActiveCfg = Debug|Any CPU
		{6767C0E4-A5B7-4559-876A-E17895B419CA}.Debug|Any CPU.Build.0 = Debug|Any CPU
		{6767C0E4-A5B7-4559-876A-E17895B419CA}.Release|Any CPU.ActiveCfg = Release|Any CPU
		{6767C0E4-A5B7-4559-876A-E17895B419CA}.Release|Any CPU.Build.0 = Release|Any CPU
	EndGlobalSection
	GlobalSection(SolutionProperties) = preSolution
		HideSolutionNode = FALSE
	EndGlobalSection
	GlobalSection(ExtensibilityGlobals) = postSolution
		SolutionGuid = {8D9C99DB-D994-4C20-8ACC-A334702CDEF1}
	EndGlobalSection
EndGlobal
